Microsoft Visual Studio Solution File, Format Version 12.00
# Visual Studio Version 17
VisualStudioVersion = 17.5.2.0
MinimumVisualStudioVersion = 10.0.40219.1
Project("{FAE04EC0-301F-11D3-BF4B-00C04F79EFBC}") = "CsvWorker", "CsvWorker.csproj", "{AF3FEFE1-C5B7-4B2E-4A79-C427DAE98B87}"
EndProject
Global
	GlobalSection(SolutionConfigurationPlatforms) = preSolution
		Debug|Any CPU = Debug|Any CPU
		Release|Any CPU = Release|Any CPU
	EndGlobalSection
	GlobalSection(ProjectConfigurationPlatforms) = postSolution
		{AF3FEFE1-C5B7-4B2E-4A79-C427DAE98B87}.Debug|Any CPU.ActiveCfg = Debug|Any CPU
		{AF3FEFE1-C5B7-4B2E-4A79-C427DAE98B87}.Debug|Any CPU.Build.0 = Debug|Any CPU
		{AF3FEFE1-C5B7-4B2E-4A79-C427DAE98B87}.Release|Any CPU.ActiveCfg = Release|Any CPU
		{AF3FEFE1-C5B7-4B2E-4A79-C427DAE98B87}.Release|Any CPU.Build.0 = Release|Any CPU
	EndGlobalSection
	GlobalSection(SolutionProperties) = preSolution
		HideSolutionNode = FALSE
	EndGlobalSection
	GlobalSection(ExtensibilityGlobals) = postSolution
		SolutionGuid = {19473159-8B01-4E3F-8B9B-BF5FEF2E38E1}
	EndGlobalSection
EndGlobal
